
Microsoft Visual Studio Solution File, Format Version 12.00
# Visual Studio Version 16
VisualStudioVersion = 16.0.30204.135
MinimumVisualStudioVersion = 10.0.40219.1
Project("{2150E333-8FDC-42A3-9474-1A3956D46DE8}") = "etc", "etc", "{ACC7BD2B-267F-4331-B345-FE5C257B57FB}"
	ProjectSection(SolutionItems) = preProject
		LICENSE.txt = LICENSE.txt
		README.md = README.md
	EndProjectSection
EndProject
Project("{2150E333-8FDC-42A3-9474-1A3956D46DE8}") = "docs", "docs", "{EFD175AE-D1C7-40BF-BA89-2C774870149D}"
	ProjectSection(SolutionItems) = preProject
		docs\memos.md = docs\memos.md
		docs\opcode-list.csv = docs\opcode-list.csv
	EndProjectSection
EndProject
Project("{2150E333-8FDC-42A3-9474-1A3956D46DE8}") = "Test", "Test", "{76B213FC-FC46-46C0-AC5E-9768405104F1}"
EndProject
Project("{9A19103F-16F7-4668-BE54-9A1E7A4F7556}") = "PowerEmit", "PowerEmit\PowerEmit.csproj", "{9E1E2C6B-E143-4402-A655-042B7508BBD3}"
EndProject
Project("{9A19103F-16F7-4668-BE54-9A1E7A4F7556}") = "PowerEmit.Test", "PowerEmit.Test\PowerEmit.Test.csproj", "{3658F60B-B573-4779-8DC6-A9F49DB1C39C}"
EndProject
Global
	GlobalSection(SolutionConfigurationPlatforms) = preSolution
		Debug|Any CPU = Debug|Any CPU
		Release|Any CPU = Release|Any CPU
	EndGlobalSection
	GlobalSection(ProjectConfigurationPlatforms) = postSolution
		{9E1E2C6B-E143-4402-A655-042B7508BBD3}.Debug|Any CPU.ActiveCfg = Debug|Any CPU
		{9E1E2C6B-E143-4402-A655-042B7508BBD3}.Debug|Any CPU.Build.0 = Debug|Any CPU
		{9E1E2C6B-E143-4402-A655-042B7508BBD3}.Release|Any CPU.ActiveCfg = Release|Any CPU
		{9E1E2C6B-E143-4402-A655-042B7508BBD3}.Release|Any CPU.Build.0 = Release|Any CPU
		{3658F60B-B573-4779-8DC6-A9F49DB1C39C}.Debug|Any CPU.ActiveCfg = Debug|Any CPU
		{3658F60B-B573-4779-8DC6-A9F49DB1C39C}.Debug|Any CPU.Build.0 = Debug|Any CPU
		{3658F60B-B573-4779-8DC6-A9F49DB1C39C}.Release|Any CPU.ActiveCfg = Release|Any CPU
		{3658F60B-B573-4779-8DC6-A9F49DB1C39C}.Release|Any CPU.Build.0 = Release|Any CPU
	EndGlobalSection
	GlobalSection(SolutionProperties) = preSolution
		HideSolutionNode = FALSE
	EndGlobalSection
	GlobalSection(NestedProjects) = preSolution
		{EFD175AE-D1C7-40BF-BA89-2C774870149D} = {ACC7BD2B-267F-4331-B345-FE5C257B57FB}
		{3658F60B-B573-4779-8DC6-A9F49DB1C39C} = {76B213FC-FC46-46C0-AC5E-9768405104F1}
	EndGlobalSection
	GlobalSection(ExtensibilityGlobals) = postSolution
		SolutionGuid = {994CFFD0-F86F-4741-BA02-6188C273ADDB}
	EndGlobalSection
EndGlobal
