<Solution>
  <Folder Name="/etc/">
    <File Path="../.editorconfig" />
    <File Path="../LICENSE.txt" />
    <File Path="../README.md" />
  </Folder>
  <Folder Name="/etc/docs/">
    <File Path="docs/opcode.csv" />
  </Folder>
  <Folder Name="/Test/">
    <Project Path="PowerEmit.Sample/PowerEmit.Sample.csproj" Id="acb58cf6-9ae7-4e9c-a83f-6184079472a7" />
    <Project Path="PowerEmit.Test/PowerEmit.Test.csproj" />
  </Folder>
  <Project Path="PowerEmit.Generators.Internal/PowerEmit.Generators.Internal.csproj" Id="90521f78-7922-46e6-bca5-138074f016c6" />
  <Project Path="PowerEmit/PowerEmit.csproj" />
</Solution>
